
Microsoft Visual Studio Solution File, Format Version 12.00
# Visual Studio 15
VisualStudioVersion = 15.0.28307.779
MinimumVisualStudioVersion = 10.0.40219.1
Project("{FAE04EC0-301F-11D3-BF4B-00C04F79EFBC}") = "ArtisanJoinery", "ArtisanJoinery\ArtisanJoinery.csproj", "{383EC875-FBEF-4A80-8F3B-653864A81EAA}"
EndProject
Global
	GlobalSection(SolutionConfigurationPlatforms) = preSolution
		Debug|Any CPU = Debug|Any CPU
		Release|Any CPU = Release|Any CPU
	EndGlobalSection
	GlobalSection(ProjectConfigurationPlatforms) = postSolution
		{383EC875-FBEF-4A80-8F3B-653864A81EAA}.Debug|Any CPU.ActiveCfg = Debug|Any CPU
		{383EC875-FBEF-4A80-8F3B-653864A81EAA}.Debug|Any CPU.Build.0 = Debug|Any CPU
		{383EC875-FBEF-4A80-8F3B-653864A81EAA}.Release|Any CPU.ActiveCfg = Release|Any CPU
		{383EC875-FBEF-4A80-8F3B-653864A81EAA}.Release|Any CPU.Build.0 = Release|Any CPU
	EndGlobalSection
	GlobalSection(SolutionProperties) = preSolution
		HideSolutionNode = FALSE
	EndGlobalSection
	GlobalSection(ExtensibilityGlobals) = postSolution
		SolutionGuid = {375E377E-4E50-44D8-BB68-B62BDB001995}
	EndGlobalSection
EndGlobal
